# THIS IS AN AUTOGENERATED FILE. DO NOT EDIT THIS FILE DIRECTLY.
# yarn lockfile v1


"@apidevtools/json-schema-ref-parser@^9.0.6":
  version "9.1.2"
  resolved "https://registry.npmjs.org/@apidevtools/json-schema-ref-parser/-/json-schema-ref-parser-9.1.2.tgz"
  integrity sha512-r1w81DpR+KyRWd3f+rk6TNqMgedmAxZP5v5KWlXQWlgMUUtyEJch0DKEci1SorPMiSeM8XPl7MZ3miJ60JIpQg==
  dependencies:
    "@jsdevtools/ono" "^7.1.3"
    "@types/json-schema" "^7.0.6"
    call-me-maybe "^1.0.1"
    js-yaml "^4.1.0"

"@asyncapi/openapi-schema-parser@^2.0.1":
  version "2.0.3"
  resolved "https://registry.npmjs.org/@asyncapi/openapi-schema-parser/-/openapi-schema-parser-2.0.3.tgz"
  integrity sha512-o9fvibjx2n3L2SKNlWUQ59CxO2x2BKhbHxh81U39NMLgowN/avk1wfxkMvzL3G9pg4FlgCdcayDhu4+TzDX47A==
  dependencies:
    "@openapi-contrib/openapi-schema-to-json-schema" "~3.2.0"
    conventional-changelog-conventionalcommits "^5.0.0"

"@asyncapi/parser@^1.15.0":
  version "1.18.1"
  resolved "https://registry.npmjs.org/@asyncapi/parser/-/parser-1.18.1.tgz"
  integrity sha512-7sU9DajLV+vA2vShTYmD5lbtbTY6TOcGxB4Z4IcpRp8x5pejOsN32iU05eIYCnuamsi5SMscFxoi6fIO2vPK3Q==
  dependencies:
    "@apidevtools/json-schema-ref-parser" "^9.0.6"
    "@asyncapi/specs" "^4.1.1"
    "@fmvilas/pseudo-yaml-ast" "^0.3.1"
    ajv "^6.10.1"
    js-yaml "^3.13.1"
    json-to-ast "^2.1.0"
    lodash.clonedeep "^4.5.0"
    node-fetch "^2.6.0"
    tiny-merge-patch "^0.1.2"

"@asyncapi/specs@4.2.1", "@asyncapi/specs@^4.1.1":
  version "4.2.1"
  resolved "https://registry.npmjs.org/@asyncapi/specs/-/specs-4.2.1.tgz"
  integrity sha512-NeOgMxl1J00PbsmStbDFE6OVA6rE5S3xv0Twm70MwMigsE28hdG9iH/+2SrMBeD/NFKVlryHcEuLtAPoqiCCFg==
  dependencies:
    "@types/json-schema" "^7.0.11"

"@docusaurus/core@^2.4.1":
  version "2.4.1"
  resolved "https://registry.yarnpkg.com/@docusaurus/core/-/core-2.4.1.tgz#4b8ff5766131ce3fbccaad0b1daf2ad4dc76f62d"
  integrity sha512-SNsY7PshK3Ri7vtsLXVeAJGS50nJN3RgF836zkyUfAD01Fq+sAk5EwWgLw+nnm5KVNGDu7PRR2kRGDsWvqpo0g==
  dependencies:
    "@babel/core" "^7.18.6"
    "@babel/generator" "^7.18.7"
    "@babel/plugin-syntax-dynamic-import" "^7.8.3"
    "@babel/plugin-transform-runtime" "^7.18.6"
    "@babel/preset-env" "^7.18.6"
    "@babel/preset-react" "^7.18.6"
    "@babel/preset-typescript" "^7.18.6"
    "@babel/runtime" "^7.18.6"
    "@babel/runtime-corejs3" "^7.18.6"
    "@babel/traverse" "^7.18.8"
    "@docusaurus/cssnano-preset" "2.4.1"
    "@docusaurus/logger" "2.4.1"
    "@docusaurus/mdx-loader" "2.4.1"
    "@docusaurus/react-loadable" "5.5.2"
    "@docusaurus/utils" "2.4.1"
    "@docusaurus/utils-common" "2.4.1"
    "@docusaurus/utils-validation" "2.4.1"
    "@slorber/static-site-generator-webpack-plugin" "^4.0.7"
    "@svgr/webpack" "^6.2.1"
    autoprefixer "^10.4.7"
    babel-loader "^8.2.5"
    babel-plugin-dynamic-import-node "^2.3.3"
    boxen "^6.2.1"
    chalk "^4.1.2"
    chokidar "^3.5.3"
    clean-css "^5.3.0"
    cli-table3 "^0.6.2"
    combine-promises "^1.1.0"
    commander "^5.1.0"
    copy-webpack-plugin "^11.0.0"
    core-js "^3.23.3"
    css-loader "^6.7.1"
    css-minimizer-webpack-plugin "^4.0.0"
    cssnano "^5.1.12"
    del "^6.1.1"
    detect-port "^1.3.0"
    escape-html "^1.0.3"
    eta "^2.0.0"
    file-loader "^6.2.0"
    fs-extra "^10.1.0"
    html-minifier-terser "^6.1.0"
    html-tags "^3.2.0"
    html-webpack-plugin "^5.5.0"
    import-fresh "^3.3.0"
    leven "^3.1.0"
    lodash "^4.17.21"
    mini-css-extract-plugin "^2.6.1"
    postcss "^8.4.14"
    postcss-loader "^7.0.0"
    prompts "^2.4.2"
    react-dev-utils "^12.0.1"
    react-helmet-async "^1.3.0"
    react-loadable "npm:@docusaurus/react-loadable@5.5.2"
    react-loadable-ssr-addon-v5-slorber "^1.0.1"
    react-router "^5.3.3"
    react-router-config "^5.1.1"
    react-router-dom "^5.3.3"
    rtl-detect "^1.0.4"
    semver "^7.3.7"
    serve-handler "^6.1.3"
    shelljs "^0.8.5"
    terser-webpack-plugin "^5.3.3"
    tslib "^2.4.0"
    update-notifier "^5.1.0"
    url-loader "^4.1.1"
    wait-on "^6.0.1"
    webpack "^5.73.0"
    webpack-bundle-analyzer "^4.5.0"
    webpack-dev-server "^4.9.3"
    webpack-merge "^5.8.0"
    webpackbar "^5.0.2"

"@docusaurus/plugin-content-docs@^2.4.1":
  version "2.4.1"
  resolved "https://registry.yarnpkg.com/@docusaurus/plugin-content-docs/-/plugin-content-docs-2.4.1.tgz#ed94d9721b5ce7a956fb01cc06c40d8eee8dfca7"
  integrity sha512-Lo7lSIcpswa2Kv4HEeUcGYqaasMUQNpjTXpV0N8G6jXgZaQurqp7E8NGYeGbDXnb48czmHWbzDL4S3+BbK0VzA==
  dependencies:
    "@docusaurus/core" "2.4.1"
    "@docusaurus/logger" "2.4.1"
    "@docusaurus/mdx-loader" "2.4.1"
    "@docusaurus/module-type-aliases" "2.4.1"
    "@docusaurus/types" "2.4.1"
    "@docusaurus/utils" "2.4.1"
    "@docusaurus/utils-validation" "2.4.1"
    "@types/react-router-config" "^5.0.6"
    combine-promises "^1.1.0"
    fs-extra "^10.1.0"
    import-fresh "^3.3.0"
    js-yaml "^4.1.0"
    lodash "^4.17.21"
    tslib "^2.4.0"
    utility-types "^3.10.0"
    webpack "^5.73.0"

"@docusaurus/preset-classic@^2.4.1":
  version "2.4.1"
  resolved "https://registry.yarnpkg.com/@docusaurus/preset-classic/-/preset-classic-2.4.1.tgz#072f22d0332588e9c5f512d4bded8d7c99f91497"
  integrity sha512-P4//+I4zDqQJ+UDgoFrjIFaQ1MeS9UD1cvxVQaI6O7iBmiHQm0MGROP1TbE7HlxlDPXFJjZUK3x3cAoK63smGQ==
  dependencies:
    "@docusaurus/core" "2.4.1"
    "@docusaurus/plugin-content-blog" "2.4.1"
    "@docusaurus/plugin-content-docs" "2.4.1"
    "@docusaurus/plugin-content-pages" "2.4.1"
    "@docusaurus/plugin-debug" "2.4.1"
    "@docusaurus/plugin-google-analytics" "2.4.1"
    "@docusaurus/plugin-google-gtag" "2.4.1"
    "@docusaurus/plugin-google-tag-manager" "2.4.1"
    "@docusaurus/plugin-sitemap" "2.4.1"
    "@docusaurus/theme-classic" "2.4.1"
    "@docusaurus/theme-common" "2.4.1"
    "@docusaurus/theme-search-algolia" "2.4.1"
    "@docusaurus/types" "2.4.1"

"@docusaurus/theme-mermaid@^2.4.1":
  version "2.4.1"
  resolved "https://registry.yarnpkg.com/@docusaurus/theme-mermaid/-/theme-mermaid-2.4.1.tgz#6bf644f9f7ef3db0e938b484f510d6d80d601419"
  integrity sha512-cM0ImKIqZfjmlaC+uAjep39kNBvb1bjz429QBHGs32maob4+UnRzVPPpCUCltyPVb4xjG5h1Tyq4pHzhtIikqA==
  dependencies:
    "@docusaurus/core" "2.4.1"
    "@docusaurus/module-type-aliases" "2.4.1"
    "@docusaurus/theme-common" "2.4.1"
    "@docusaurus/types" "2.4.1"
    "@docusaurus/utils-validation" "2.4.1"
    "@mdx-js/react" "^1.6.22"
    mermaid "^9.2.2"
    tslib "^2.4.0"

"@fmvilas/pseudo-yaml-ast@^0.3.1":
  version "0.3.1"
  resolved "https://registry.npmjs.org/@fmvilas/pseudo-yaml-ast/-/pseudo-yaml-ast-0.3.1.tgz"
  integrity sha512-8OAB74W2a9M3k9bjYD8AjVXkX+qO8c0SqNT5HlgOqx7AxSw8xdksEcZp7gFtfi+4njSxT6+76ZR+1ubjAwQHOg==
  dependencies:
    yaml-ast-parser "0.0.43"

"@jsdevtools/ono@^7.1.3":
  version "7.1.3"
  resolved "https://registry.npmjs.org/@jsdevtools/ono/-/ono-7.1.3.tgz"
  integrity sha512-4JQNk+3mVzK3xh2rqd6RB4J46qUR19azEHBneZyTZM+c456qOrbbM/5xcR8huNCCcbVt7+UmizG6GuUvPvKUYg==

"@mdx-js/react@^1.6.22":
  version "1.6.22"
  resolved "https://registry.npmjs.org/@mdx-js/react/-/react-1.6.22.tgz"
  integrity sha512-TDoPum4SHdfPiGSAaRBw7ECyI8VaHpK8GJugbJIJuqyh6kzw9ZLJZW3HGL3NNrJGxcAixUvqROm+YuQOo5eXtg==

"@openapi-contrib/openapi-schema-to-json-schema@~3.2.0":
  version "3.2.0"
  resolved "https://registry.npmjs.org/@openapi-contrib/openapi-schema-to-json-schema/-/openapi-schema-to-json-schema-3.2.0.tgz"
  integrity sha512-Gj6C0JwCr8arj0sYuslWXUBSP/KnUlEGnPW4qxlXvAl543oaNQgMgIgkQUA6vs5BCCvwTEiL8m/wdWzfl4UvSw==
  dependencies:
    fast-deep-equal "^3.1.3"

"@types/json-schema@^7.0.11", "@types/json-schema@^7.0.6":
  version "7.0.11"
  resolved "https://registry.npmjs.org/@types/json-schema/-/json-schema-7.0.11.tgz"
  integrity sha512-wOuvG1SN4Us4rez+tylwwwCV1psiNVOkJeM3AUWUNWg/jDQY2+HE/444y5gc+jBmRqASOm2Oeh5c1axHobwRKQ==

ajv-formats@^2.1.1:
  version "2.1.1"
  resolved "https://registry.npmjs.org/ajv-formats/-/ajv-formats-2.1.1.tgz"
  integrity sha512-Wx0Kx52hxE7C18hkMEggYlEifqWZtYaRgouJor+WMdPnQyEK13vgEWyVNup7SoeeoLMsr4kf5h6dOW11I15MUA==
  dependencies:
    ajv "^8.0.0"

ajv@^6.10.1:
  version "6.12.6"
  resolved "https://registry.npmjs.org/ajv/-/ajv-6.12.6.tgz"
  integrity sha512-j3fVLgvTo527anyYyJOGTYJbG+vnnQYvE0m5mmkc1TK+nxAppkCLMIL0aZ4dblVCNoGShhm+kzE4ZUykBoMg4g==
  dependencies:
    fast-deep-equal "^3.1.1"
    fast-json-stable-stringify "^2.0.0"
    json-schema-traverse "^0.4.1"
    uri-js "^4.2.2"

ajv@^8.0.0, ajv@^8.11.0:
  version "8.12.0"
  resolved "https://registry.npmjs.org/ajv/-/ajv-8.12.0.tgz"
  integrity sha512-sRu1kpcO9yLtYxBKvqfTeh9KzZEwO3STyX1HT+4CaDzC6HpTGYhIhPIzj9XuKU7KYDwnaeh5hcOwjy1QuJzBPA==
  dependencies:
    fast-deep-equal "^3.1.1"
    json-schema-traverse "^1.0.0"
    require-from-string "^2.0.2"
    uri-js "^4.2.2"

argparse@^1.0.7:
  version "1.0.10"
  resolved "https://registry.npmjs.org/argparse/-/argparse-1.0.10.tgz"
  integrity sha512-o5Roy6tNG4SL/FOkCAN6RzjiakZS25RLYFrcMttJqbdd8BWrnA+fGz57iN5Pb06pvBGvl5gQ0B48dJlslXvoTg==
  dependencies:
    sprintf-js "~1.0.2"

argparse@^2.0.1:
  version "2.0.1"
  resolved "https://registry.npmjs.org/argparse/-/argparse-2.0.1.tgz"
  integrity sha512-8+9WqebbFzpX9OR+Wa6O29asIogeRMzcGtAINdpMHHyAg10f05aSFVBbcEqGf/PXw1EjAZ+q2/bEBg3DvurK3Q==

array-ify@^1.0.0:
  version "1.0.0"
  resolved "https://registry.npmjs.org/array-ify/-/array-ify-1.0.0.tgz"
  integrity sha512-c5AMf34bKdvPhQ7tBGhqkgKNUzMr4WUs+WDtC2ZUGOUncbxKMTvqxYctiseW3+L4bA8ec+GcZ6/A/FW4m8ukng==

asyncapi-validator@4.0.0:
  version "4.0.0"
  resolved "https://registry.npmjs.org/asyncapi-validator/-/asyncapi-validator-4.0.0.tgz"
  integrity sha512-OsKRPoghsJWQtyRPmnWulPXhYYsaX/b0GIb747ZVa/BeL+2GG6J/GiXFkaNFthQSFv1CI1p3Y2hn4FSjPicAYg==
  dependencies:
    "@asyncapi/openapi-schema-parser" "^2.0.1"
    "@asyncapi/parser" "^1.15.0"
    ajv "^8.11.0"
    ajv-formats "^2.1.1"

balanced-match@^1.0.0:
  version "1.0.2"
  resolved "https://registry.npmjs.org/balanced-match/-/balanced-match-1.0.2.tgz"
  integrity sha512-3oSeUO0TMV67hN1AmbXsK4yaqU7tjiHlbxRDZOpH0KW9+CeX4bRAaX0Anxt0tx2MrpRpWwQaPwIlISEJhYU5Pw==

brace-expansion@^2.0.1:
  version "2.0.1"
  resolved "https://registry.npmjs.org/brace-expansion/-/brace-expansion-2.0.1.tgz"
  integrity sha512-XnAIvQ8eM+kC6aULx6wuQiwVsnzsi9d3WxzV3FpWTGA19F621kwdbsAcFKXgKUHZWsy+mY6iL1sHTxWEFCytDA==
  dependencies:
    balanced-match "^1.0.0"

call-me-maybe@^1.0.1:
  version "1.0.2"
  resolved "https://registry.npmjs.org/call-me-maybe/-/call-me-maybe-1.0.2.tgz"
  integrity sha512-HpX65o1Hnr9HH25ojC1YGs7HCQLq0GCOibSaWER0eNpgJ/Z1MZv2mTc7+xh6WOPxbRVcmgbv4hGU+uSQ/2xFZQ==

clsx@^1.1.1:
  version "1.2.1"
  resolved "https://registry.npmjs.org/clsx/-/clsx-1.2.1.tgz"
  integrity sha512-EcR6r5a8bj6pu3ycsa/E/cKVGuTgZJZdsyUYHOksG/UHIiKfjxzRxYJpyVBwYaQeOvghal9fcc4PidlgzugAQg==

code-error-fragment@0.0.230:
  version "0.0.230"
  resolved "https://registry.npmjs.org/code-error-fragment/-/code-error-fragment-0.0.230.tgz"
  integrity sha512-cadkfKp6932H8UkhzE/gcUqhRMNf8jHzkAN7+5Myabswaghu4xABTgPHDCjW+dBAJxj/SpkTYokpzDqY4pCzQw==

compare-func@^2.0.0:
  version "2.0.0"
  resolved "https://registry.npmjs.org/compare-func/-/compare-func-2.0.0.tgz"
  integrity sha512-zHig5N+tPWARooBnb0Zx1MFcdfpyJrfTJ3Y5L+IFvUm8rM74hHz66z0gw0x4tijh5CorKkKUCnW82R2vmpeCRA==
  dependencies:
    array-ify "^1.0.0"
    dot-prop "^5.1.0"

conventional-changelog-conventionalcommits@^5.0.0:
  version "5.0.0"
  resolved "https://registry.npmjs.org/conventional-changelog-conventionalcommits/-/conventional-changelog-conventionalcommits-5.0.0.tgz"
  integrity sha512-lCDbA+ZqVFQGUj7h9QBKoIpLhl8iihkO0nCTyRNzuXtcd7ubODpYB04IFy31JloiJgG0Uovu8ot8oxRzn7Nwtw==
  dependencies:
    compare-func "^2.0.0"
    lodash "^4.17.15"
    q "^1.5.1"

dot-prop@^5.1.0:
  version "5.3.0"
  resolved "https://registry.npmjs.org/dot-prop/-/dot-prop-5.3.0.tgz"
  integrity sha512-QM8q3zDe58hqUqjraQOmzZ1LIH9SWQJTlEKCH4kJ2oQvLZk7RbQXvtDM2XEq3fwkV9CCvvH4LA0AV+ogFsBM2Q==
  dependencies:
    is-obj "^2.0.0"

esprima@^4.0.0:
  version "4.0.1"
  resolved "https://registry.npmjs.org/esprima/-/esprima-4.0.1.tgz"
  integrity sha512-eGuFFw7Upda+g4p+QHvnW0RyTX/SVeJBDM/gCtMARO0cLuT2HcEKnTPvhjV6aGeqrCB/sbNop0Kszm0jsaWU4A==

fast-deep-equal@^3.1.1, fast-deep-equal@^3.1.3:
  version "3.1.3"
  resolved "https://registry.npmjs.org/fast-deep-equal/-/fast-deep-equal-3.1.3.tgz"
  integrity sha512-f3qQ9oQy9j2AhBe/H9VC91wLmKBCCU/gDOnKNAYG5hswO7BLKj09Hc5HYNz9cGI++xlpDCIgDaitVs03ATR84Q==

fast-json-stable-stringify@^2.0.0:
  version "2.1.0"
  resolved "https://registry.npmjs.org/fast-json-stable-stringify/-/fast-json-stable-stringify-2.1.0.tgz"
  integrity sha512-lhd/wF+Lk98HZoTCtlVraHtfh5XYijIjalXck7saUtuanSDyLMxnHhSXEDJqHxD7msR8D0uCmqlkwjCV8xvwHw==

fs.realpath@^1.0.0:
  version "1.0.0"
  resolved "https://registry.npmjs.org/fs.realpath/-/fs.realpath-1.0.0.tgz"
  integrity sha512-OO0pH2lK6a0hZnAdau5ItzHPI6pUlvI7jMVnxUQRtw4owF2wk8lOSabtGDCTP4Ggrg2MbGnWO9X8K1t4+fGMDw==

glob@^8.0.3:
  version "8.1.0"
  resolved "https://registry.npmjs.org/glob/-/glob-8.1.0.tgz"
  integrity sha512-r8hpEjiQEYlF2QU0df3dS+nxxSIreXQS1qRhMJM0Q5NDdR386C7jb7Hwwod8Fgiuex+k0GFjgft18yvxm5XoCQ==
  dependencies:
    fs.realpath "^1.0.0"
    inflight "^1.0.4"
    inherits "2"
    minimatch "^5.0.1"
    once "^1.3.0"

grapheme-splitter@^1.0.4:
  version "1.0.4"
  resolved "https://registry.npmjs.org/grapheme-splitter/-/grapheme-splitter-1.0.4.tgz"
  integrity sha512-bzh50DW9kTPM00T8y4o8vQg89Di9oLJVLW/KaOGIXJWP/iqCN6WKYkbNOF04vFLJhwcpYUh9ydh/+5vpOqV4YQ==

inflight@^1.0.4:
  version "1.0.6"
  resolved "https://registry.npmjs.org/inflight/-/inflight-1.0.6.tgz"
  integrity sha512-k92I/b08q4wvFscXCLvqfsHCrjrF7yiXsQuIVvVE7N82W3+aqpzuUdBbfhWcy/FZR3/4IgflMgKLOsvPDrGCJA==
  dependencies:
    once "^1.3.0"
    wrappy "1"

inherits@2:
  version "2.0.4"
  resolved "https://registry.npmjs.org/inherits/-/inherits-2.0.4.tgz"
  integrity sha512-k/vGaX4/Yla3WzyMCvTQOXYeIHvqOKtnqBduzTHpzpQZzAskKMhZ2K+EnBiSM9zGSoIFeMpXKxa4dYeZIQqewQ==

is-obj@^2.0.0:
  version "2.0.0"
  resolved "https://registry.npmjs.org/is-obj/-/is-obj-2.0.0.tgz"
  integrity sha512-drqDG3cbczxxEJRoOXcOjtdp1J/lyp1mNn0xaznRs8+muBhgQcrnbspox5X5fOw0HnMnbfDzvnEMEtqDEJEo8w==

"js-tokens@^3.0.0 || ^4.0.0":
  version "4.0.0"
  resolved "https://registry.npmjs.org/js-tokens/-/js-tokens-4.0.0.tgz"
  integrity sha512-RdJUflcE3cUzKiMqQgsCu06FPu9UdIJO0beYbPhHN4k6apgJtifcoCtT9bcxOpYBtpD2kCM6Sbzg4CausW/PKQ==

js-yaml@^3.13.1:
  version "3.14.1"
  resolved "https://registry.npmjs.org/js-yaml/-/js-yaml-3.14.1.tgz"
  integrity sha512-okMH7OXXJ7YrN9Ok3/SXrnu4iX9yOk+25nqX4imS2npuvTYDmo/QEZoqwZkYaIDk3jVvBOTOIEgEhaLOynBS9g==
  dependencies:
    argparse "^1.0.7"
    esprima "^4.0.0"

js-yaml@^4.1.0:
  version "4.1.0"
  resolved "https://registry.npmjs.org/js-yaml/-/js-yaml-4.1.0.tgz"
  integrity sha512-wpxZs9NoxZaJESJGIZTyDEaYpl0FKSA+FB9aJiyemKhMwkxQg63h4T1KJgUGHpTqPDNRcmmYLugrRjJlBtWvRA==
  dependencies:
    argparse "^2.0.1"

json-schema-traverse@^0.4.1:
  version "0.4.1"
  resolved "https://registry.npmjs.org/json-schema-traverse/-/json-schema-traverse-0.4.1.tgz"
  integrity sha512-xbbCH5dCYU5T8LcEhhuh7HJ88HXuW3qsI3Y0zOZFKfZEHcpWiHU/Jxzk629Brsab/mMiHQti9wMP+845RPe3Vg==

json-schema-traverse@^1.0.0:
  version "1.0.0"
  resolved "https://registry.npmjs.org/json-schema-traverse/-/json-schema-traverse-1.0.0.tgz"
  integrity sha512-NM8/P9n3XjXhIZn1lLhkFaACTOURQXjWhV4BA/RnOv8xvgqtqpAX9IO4mRQxSx1Rlo4tqzeqb0sOlruaOy3dug==

json-to-ast@^2.1.0:
  version "2.1.0"
  resolved "https://registry.npmjs.org/json-to-ast/-/json-to-ast-2.1.0.tgz"
  integrity sha512-W9Lq347r8tA1DfMvAGn9QNcgYm4Wm7Yc+k8e6vezpMnRT+NHbtlxgNBXRVjXe9YM6eTn6+p/MKOlV/aABJcSnQ==
  dependencies:
    code-error-fragment "0.0.230"
    grapheme-splitter "^1.0.4"

lodash.clonedeep@^4.5.0:
  version "4.5.0"
  resolved "https://registry.npmjs.org/lodash.clonedeep/-/lodash.clonedeep-4.5.0.tgz"
  integrity sha512-H5ZhCF25riFd9uB5UCkVKo61m3S/xZk1x4wA6yp/L3RFP6Z/eHH1ymQcGLo7J3GMPfm0V/7m1tryHuGVxpqEBQ==

lodash@^4.17.15:
  version "4.17.21"
  resolved "https://registry.npmjs.org/lodash/-/lodash-4.17.21.tgz"
  integrity sha512-v2kDEe57lecTulaDIuNTPy3Ry4gLGJ6Z1O3vE1krgXZNrsQ+LFTGHVxVjcXPs17LhbZVGedAJv8XZ1tvj5FvSg==

loose-envify@^1.1.0:
  version "1.4.0"
  resolved "https://registry.npmjs.org/loose-envify/-/loose-envify-1.4.0.tgz"
  integrity sha512-lyuxPGr/Wfhrlem2CL/UcnUc1zcqKAImBDzukY7Y5F/yQiNdko6+fRLevlw1HgMySw7f611UIY408EtxRSoK3Q==
  dependencies:
    js-tokens "^3.0.0 || ^4.0.0"

minimatch@^5.0.1:
  version "5.1.6"
  resolved "https://registry.npmjs.org/minimatch/-/minimatch-5.1.6.tgz"
  integrity sha512-lKwV/1brpG6mBUFHtb7NUmtABCb2WZZmm2wNiOA5hAb8VdCS4B3dtMWyvcoViccwAW/COERjXLt0zP1zXUN26g==
  dependencies:
    brace-expansion "^2.0.1"

moment@^2.29.4:
  version "2.29.4"
  resolved "https://registry.npmjs.org/moment/-/moment-2.29.4.tgz"
  integrity sha512-5LC9SOxjSc2HF6vO2CyuTDNivEdoz2IvyJJGj6X8DJ0eFyfszE0QiEd+iXmBvUP3WHxSjFH/vIsA0EN00cgr8w==

node-fetch@^2.6.0:
  version "2.6.9"
  resolved "https://registry.npmjs.org/node-fetch/-/node-fetch-2.6.9.tgz"
  integrity sha512-DJm/CJkZkRjKKj4Zi4BsKVZh3ValV5IR5s7LVZnW+6YMh0W1BfNA8XSs6DLMGYlId5F3KnA70uu2qepcR08Qqg==
  dependencies:
    whatwg-url "^5.0.0"

object-assign@^4.1.1:
  version "4.1.1"
  resolved "https://registry.npmjs.org/object-assign/-/object-assign-4.1.1.tgz"
  integrity sha512-rJgTQnkUnH1sFw8yT6VSU3zD3sWmu6sZhIseY8VX+GRu3P6F7Fu+JNDoXfklElbLJSnc3FUQHVe4cU5hj+BcUg==

once@^1.3.0:
  version "1.4.0"
  resolved "https://registry.npmjs.org/once/-/once-1.4.0.tgz"
  integrity sha512-lNaJgI+2Q5URQBkccEKHTQOPaXdUxnZZElQTZY0MFUAuaEqe1E+Nyvgdz/aIyNi6Z9MzO5dv1H8n58/GELp3+w==
  dependencies:
    wrappy "1"

prettier@2.7.1:
  version "2.7.1"
  resolved "https://registry.npmjs.org/prettier/-/prettier-2.7.1.tgz"
  integrity sha512-ujppO+MkdPqoVINuDFDRLClm7D78qbDt0/NR+wp5FqEZOoTNAjPHWj17QRhu7geIHJfcNhRk1XVQmF8Bp3ye+g==

prism-react-renderer@^1.2.1:
  version "1.3.5"
  resolved "https://registry.npmjs.org/prism-react-renderer/-/prism-react-renderer-1.3.5.tgz"
  integrity sha512-IJ+MSwBWKG+SM3b2SUfdrhC+gu01QkV2KmRQgREThBfSQRoufqRfxfHUxpG1WcaFjP+kojcFyO9Qqtpgt3qLCg==

punycode@^2.1.0:
  version "2.3.0"
  resolved "https://registry.npmjs.org/punycode/-/punycode-2.3.0.tgz"
  integrity sha512-rRV+zQD8tVFys26lAGR9WUuS4iUAngJScM+ZRSKtvl5tKeZ2t5bvdNFdNHBW9FWR4guGHlgmsZ1G7BSm2wTbuA==

q@^1.5.1:
  version "1.5.1"
  resolved "https://registry.npmjs.org/q/-/q-1.5.1.tgz"
  integrity sha512-kV/CThkXo6xyFEZUugw/+pIOywXcDbFYgSct5cT3gqlbkBE1SJdwy6UQoZvodiWF/ckQLZyDE/Bu1M6gVu5lVw==

react-dom@^17.0.1:
  version "17.0.2"
  resolved "https://registry.npmjs.org/react-dom/-/react-dom-17.0.2.tgz"
  integrity sha512-s4h96KtLDUQlsENhMn1ar8t2bEa+q/YAtj8pPPdIjPDGBDIVNsrD9aXNWqspUe6AzKCIG0C1HZZLqLV7qpOBGA==
  dependencies:
    loose-envify "^1.1.0"
    object-assign "^4.1.1"
    scheduler "^0.20.2"

react@^17.0.1:
  version "17.0.2"
  resolved "https://registry.npmjs.org/react/-/react-17.0.2.tgz"
  integrity sha512-gnhPt75i/dq/z3/6q/0asP78D0u592D5L1pd7M8P+dck6Fu/jJeL6iVVK23fptSUZj8Vjf++7wXA8UNclGQcbA==
  dependencies:
    loose-envify "^1.1.0"
    object-assign "^4.1.1"

require-from-string@^2.0.2:
  version "2.0.2"
  resolved "https://registry.npmjs.org/require-from-string/-/require-from-string-2.0.2.tgz"
  integrity sha512-Xf0nWe6RseziFMu+Ap9biiUbmplq6S9/p+7w7YXP/JBHhrUDDUhwa+vANyubuqfZWTveU//DYVGsDG7RKL/vEw==

scheduler@^0.20.2:
  version "0.20.2"
  resolved "https://registry.npmjs.org/scheduler/-/scheduler-0.20.2.tgz"
  integrity sha512-2eWfGgAqqWFGqtdMmcL5zCMK1U8KlXv8SQFGglL3CEtd0aDVDWgeF/YoCmvln55m5zSk3J/20hTaSBeSObsQDQ==
  dependencies:
    loose-envify "^1.1.0"
    object-assign "^4.1.1"

sprintf-js@~1.0.2:
  version "1.0.3"
  resolved "https://registry.npmjs.org/sprintf-js/-/sprintf-js-1.0.3.tgz"
  integrity sha512-D9cPgkvLlV3t3IzL0D0YLvGA9Ahk4PcvVwUbN0dSGr1aP0Nrt4AEnTUbuGvquEC0mA64Gqt1fzirlRs5ibXx8g==

tiny-merge-patch@^0.1.2:
  version "0.1.2"
  resolved "https://registry.npmjs.org/tiny-merge-patch/-/tiny-merge-patch-0.1.2.tgz"
  integrity sha512-NLoA//tTMBPTr0oGdq+fxnvVR0tDa8tOcG9ZGbuovGzROadZ404qOV4g01jeWa5S8MC9nAOvu5bQgCW7s8tlWQ==

tr46@~0.0.3:
  version "0.0.3"
  resolved "https://registry.npmjs.org/tr46/-/tr46-0.0.3.tgz"
  integrity sha512-N3WMsuqV66lT30CrXNbEjx4GEwlow3v6rr4mCcv6prnfwhS01rkgyFdjPNBYd9br7LpXV1+Emh01fHnq2Gdgrw==

uri-js@^4.2.2:
  version "4.4.1"
  resolved "https://registry.npmjs.org/uri-js/-/uri-js-4.4.1.tgz"
  integrity sha512-7rKUyy33Q1yc98pQ1DAmLtwX109F7TIfWlW1Ydo8Wl1ii1SeHieeh0HHfPeL2fMXK6z0s8ecKs9frCuLJvndBg==
  dependencies:
    punycode "^2.1.0"

webidl-conversions@^3.0.0:
  version "3.0.1"
  resolved "https://registry.npmjs.org/webidl-conversions/-/webidl-conversions-3.0.1.tgz"
  integrity sha512-2JAn3z8AR6rjK8Sm8orRC0h/bcl/DqL7tRPdGZ4I1CjdF+EaMLmYxBHyXuKL849eucPFhvBoxMsflfOb8kxaeQ==

whatwg-url@^5.0.0:
  version "5.0.0"
  resolved "https://registry.npmjs.org/whatwg-url/-/whatwg-url-5.0.0.tgz"
  integrity sha512-saE57nupxk6v3HY35+jzBwYa0rKSy0XR8JSxZPwgLr7ys0IBzhGviA1/TUGJLmSVqs8pb9AnvICXEuOHLprYTw==
  dependencies:
    tr46 "~0.0.3"
    webidl-conversions "^3.0.0"

wrappy@1:
  version "1.0.2"
  resolved "https://registry.npmjs.org/wrappy/-/wrappy-1.0.2.tgz"
  integrity sha512-l4Sp/DRseor9wL6EvV2+TuQn63dMkPjZ/sp9XkghTEbV9KlPS1xUsZ3u7/IQO4wxtcFB4bgpQPRcR3QCvezPcQ==

yaml-ast-parser@0.0.43:
  version "0.0.43"
  resolved "https://registry.npmjs.org/yaml-ast-parser/-/yaml-ast-parser-0.0.43.tgz"
  integrity sha512-2PTINUwsRqSd+s8XxKaJWQlUuEMHJQyEuh2edBbW8KNJz0SJPwUSD2zRWqezFEdN7IzAgeuYHFUCF7o8zRdZ0A==
